
Microsoft Visual Studio Solution File, Format Version 11.00
# Visual Studio 2010
Project("{FAE04EC0-301F-11D3-BF4B-00C04F79EFBC}") = "NavMeshPlusEditor", "NavMeshPlusEditor.csproj", "{8b02f1a7-529f-cff6-471b-b35b20f096e7}"
EndProject
Project("{FAE04EC0-301F-11D3-BF4B-00C04F79EFBC}") = "NavMeshPlus", "NavMeshPlus.csproj", "{c542bf40-55f2-b3c6-9190-91f73660aa19}"
EndProject
Project("{FAE04EC0-301F-11D3-BF4B-00C04F79EFBC}") = "Assembly-CSharp", "Assembly-CSharp.csproj", "{60d41a60-2179-8271-8f78-1f3b28419d18}"
EndProject
Global
	GlobalSection(SolutionConfigurationPlatforms) = preSolution
		Debug|Any CPU = Debug|Any CPU
	EndGlobalSection
	GlobalSection(ProjectConfigurationPlatforms) = postSolution
		{8b02f1a7-529f-cff6-471b-b35b20f096e7}.Debug|Any CPU.ActiveCfg = Debug|Any CPU
		{8b02f1a7-529f-cff6-471b-b35b20f096e7}.Debug|Any CPU.Build.0 = Debug|Any CPU
		{c542bf40-55f2-b3c6-9190-91f73660aa19}.Debug|Any CPU.ActiveCfg = Debug|Any CPU
		{c542bf40-55f2-b3c6-9190-91f73660aa19}.Debug|Any CPU.Build.0 = Debug|Any CPU
		{60d41a60-2179-8271-8f78-1f3b28419d18}.Debug|Any CPU.ActiveCfg = Debug|Any CPU
		{60d41a60-2179-8271-8f78-1f3b28419d18}.Debug|Any CPU.Build.0 = Debug|Any CPU
	EndGlobalSection
	GlobalSection(SolutionProperties) = preSolution
		HideSolutionNode = FALSE
	EndGlobalSection
EndGlobal
